
Microsoft Visual Studio Solution File, Format Version 12.00
# Visual Studio Version 17
VisualStudioVersion = 17.14.36705.20 d17.14
MinimumVisualStudioVersion = 10.0.40219.1
Project("{FAE04EC0-301F-11D3-BF4B-00C04F79EFBC}") = "ReverseProxyDistribution", "ReverseProxyDistribution\ReverseProxyDistribution.csproj", "{98AB5F71-BB2B-4FA8-BB9F-FBDAD41CFE52}"
EndProject
Project("{FAE04EC0-301F-11D3-BF4B-00C04F79EFBC}") = "InstanceAgent", "InstanceAgent\InstanceAgent.csproj", "{EDD77817-8D01-4607-9019-31BFD7A1E4CB}"
EndProject
Global
	GlobalSection(SolutionConfigurationPlatforms) = preSolution
		Debug|Any CPU = Debug|Any CPU
		Release|Any CPU = Release|Any CPU
	EndGlobalSection
	GlobalSection(ProjectConfigurationPlatforms) = postSolution
		{98AB5F71-BB2B-4FA8-BB9F-FBDAD41CFE52}.Debug|Any CPU.ActiveCfg = Debug|Any CPU
		{98AB5F71-BB2B-4FA8-BB9F-FBDAD41CFE52}.Debug|Any CPU.Build.0 = Debug|Any CPU
		{98AB5F71-BB2B-4FA8-BB9F-FBDAD41CFE52}.Release|Any CPU.ActiveCfg = Release|Any CPU
		{98AB5F71-BB2B-4FA8-BB9F-FBDAD41CFE52}.Release|Any CPU.Build.0 = Release|Any CPU
		{EDD77817-8D01-4607-9019-31BFD7A1E4CB}.Debug|Any CPU.ActiveCfg = Debug|Any CPU
		{EDD77817-8D01-4607-9019-31BFD7A1E4CB}.Debug|Any CPU.Build.0 = Debug|Any CPU
		{EDD77817-8D01-4607-9019-31BFD7A1E4CB}.Release|Any CPU.ActiveCfg = Release|Any CPU
		{EDD77817-8D01-4607-9019-31BFD7A1E4CB}.Release|Any CPU.Build.0 = Release|Any CPU
	EndGlobalSection
	GlobalSection(SolutionProperties) = preSolution
		HideSolutionNode = FALSE
	EndGlobalSection
	GlobalSection(ExtensibilityGlobals) = postSolution
		SolutionGuid = {A622B2CE-1992-491F-B56D-F58D93CD74F2}
	EndGlobalSection
EndGlobal
